
Microsoft Visual Studio Solution File, Format Version 12.00
# Visual Studio Version 16
VisualStudioVersion = 16.0.30104.148
MinimumVisualStudioVersion = 10.0.40219.1
Project("{FAE04EC0-301F-11D3-BF4B-00C04F79EFBC}") = "pdaa.asu.api", "pdaa.asu.api\pdaa.asu.api.csproj", "{ACD7F19A-C73D-45D1-AF6F-81FF0D09D621}"
EndProject
Global
	GlobalSection(SolutionConfigurationPlatforms) = preSolution
		Debug|Any CPU = Debug|Any CPU
		Release|Any CPU = Release|Any CPU
	EndGlobalSection
	GlobalSection(ProjectConfigurationPlatforms) = postSolution
		{ACD7F19A-C73D-45D1-AF6F-81FF0D09D621}.Debug|Any CPU.ActiveCfg = Debug|Any CPU
		{ACD7F19A-C73D-45D1-AF6F-81FF0D09D621}.Debug|Any CPU.Build.0 = Debug|Any CPU
		{ACD7F19A-C73D-45D1-AF6F-81FF0D09D621}.Release|Any CPU.ActiveCfg = Release|Any CPU
		{ACD7F19A-C73D-45D1-AF6F-81FF0D09D621}.Release|Any CPU.Build.0 = Release|Any CPU
	EndGlobalSection
	GlobalSection(SolutionProperties) = preSolution
		HideSolutionNode = FALSE
	EndGlobalSection
	GlobalSection(ExtensibilityGlobals) = postSolution
		SolutionGuid = {12249AA9-C2BA-4677-A3DD-721129100C5E}
	EndGlobalSection
EndGlobal
